// !$*UTF8*$!
{
	archiveVersion = 1;
	classes = {
	};
	objectVersion = 56;
	objects = {

/* Begin PBXBuildFile section */
		866123842F37E83A00954B83 /* NotificationManager.swift in Sources */ = {isa = PBXBuildFile; fileRef = 866123822F37E83A00954B83 /* NotificationManager.swift */; };
		866123852F37E83A00954B83 /* PredictiveEngine.swift in Sources */ = {isa = PBXBuildFile; fileRef = 866123832F37E83A00954B83 /* PredictiveEngine.swift */; };
		866123862F37E83A00954B83 /* MetricsManager.swift in Sources */ = {isa = PBXBuildFile; fileRef = 866123812F37E83A00954B83 /* MetricsManager.swift */; };
		866123872F37E83A00954B83 /* BrowserManager.swift in Sources */ = {isa = PBXBuildFile; fileRef = 866123802F37E83A00954B83 /* BrowserManager.swift */; };
		866123882F37E83A00954B83 /* ActivityLogger.swift in Sources */ = {isa = PBXBuildFile; fileRef = 8661237F2F37E83A00954B83 /* ActivityLogger.swift */; };
		8661238C2F3800B200954B83 /* FileCleanup.swift in Sources */ = {isa = PBXBuildFile; fileRef = 8661238B2F3800B200954B83 /* FileCleanup.swift */; };
		AROK_AIAdvisor /* AIAdvisor.swift in Sources */ = {isa = PBXBuildFile; fileRef = AROK_AIAdvisor_FileRef /* AIAdvisor.swift */; };
		AROK_App /* AROKApp.swift in Sources */ = {isa = PBXBuildFile; fileRef = AROK_App_FileRef /* AROKApp.swift */; };
		AROK_AppState /* AppState.swift in Sources */ = {isa = PBXBuildFile; fileRef = AROK_AppState_FileRef /* AppState.swift */; };
		AROK_ContentView /* ContentView.swift in Sources */ = {isa = PBXBuildFile; fileRef = AROK_ContentView_FileRef /* ContentView.swift */; };
		AROK_DemoMode /* DemoMode.swift in Sources */ = {isa = PBXBuildFile; fileRef = AROK_DemoMode_FileRef /* DemoMode.swift */; };
		AROK_IntentEngine /* IntentEngine.swift in Sources */ = {isa = PBXBuildFile; fileRef = AROK_IntentEngine_FileRef /* IntentEngine.swift */; };
		AROK_ProcessIntervener /* ProcessIntervener.swift in Sources */ = {isa = PBXBuildFile; fileRef = AROK_ProcessIntervener_FileRef /* ProcessIntervener.swift */; };
		AROK_SystemMonitor /* SystemMonitor.swift in Sources */ = {isa = PBXBuildFile; fileRef = AROK_SystemMonitor_FileRef /* SystemMonitor.swift */; };
/* End PBXBuildFile section */

/* Begin PBXFileReference section */
		8661237F2F37E83A00954B83 /* ActivityLogger.swift */ = {isa = PBXFileReference; lastKnownFileType = sourcecode.swift; path = ActivityLogger.swift; sourceTree = "<group>"; };
		866123802F37E83A00954B83 /* BrowserManager.swift */ = {isa = PBXFileReference; lastKnownFileType = sourcecode.swift; path = BrowserManager.swift; sourceTree = "<group>"; };
		866123812F37E83A00954B83 /* MetricsManager.swift */ = {isa = PBXFileReference; lastKnownFileType = sourcecode.swift; path = MetricsManager.swift; sourceTree = "<group>"; };
		866123822F37E83A00954B83 /* NotificationManager.swift */ = {isa = PBXFileReference; lastKnownFileType = sourcecode.swift; path = NotificationManager.swift; sourceTree = "<group>"; };
		866123832F37E83A00954B83 /* PredictiveEngine.swift */ = {isa = PBXFileReference; lastKnownFileType = sourcecode.swift; path = PredictiveEngine.swift; sourceTree = "<group>"; };
		8661238A2F37F67400954B83 /* AROK.entitlements */ = {isa = PBXFileReference; lastKnownFileType = text.plist.entitlements; path = AROK.entitlements; sourceTree = "<group>"; };
		8661238B2F3800B200954B83 /* FileCleanup.swift */ = {isa = PBXFileReference; lastKnownFileType = sourcecode.swift; path = FileCleanup.swift; sourceTree = "<group>"; };
		AROK_AIAdvisor_FileRef /* AIAdvisor.swift */ = {isa = PBXFileReference; lastKnownFileType = sourcecode.swift; path = AIAdvisor.swift; sourceTree = "<group>"; };
		AROK_AppState_FileRef /* AppState.swift */ = {isa = PBXFileReference; lastKnownFileType = sourcecode.swift; path = AppState.swift; sourceTree = "<group>"; };
		AROK_App_FileRef /* AROKApp.swift */ = {isa = PBXFileReference; lastKnownFileType = sourcecode.swift; path = AROKApp.swift; sourceTree = "<group>"; };
		AROK_ContentView_FileRef /* ContentView.swift */ = {isa = PBXFileReference; lastKnownFileType = sourcecode.swift; path = ContentView.swift; sourceTree = "<group>"; };
		AROK_DemoMode_FileRef /* DemoMode.swift */ = {isa = PBXFileReference; lastKnownFileType = sourcecode.swift; path = DemoMode.swift; sourceTree = "<group>"; };
		AROK_InfoPlist /* Info.plist */ = {isa = PBXFileReference; lastKnownFileType = text.plist.xml; path = Info.plist; sourceTree = "<group>"; };
		AROK_IntentEngine_FileRef /* IntentEngine.swift */ = {isa = PBXFileReference; lastKnownFileType = sourcecode.swift; path = IntentEngine.swift; sourceTree = "<group>"; };
		AROK_ProcessIntervener_FileRef /* ProcessIntervener.swift */ = {isa = PBXFileReference; lastKnownFileType = sourcecode.swift; path = ProcessIntervener.swift; sourceTree = "<group>"; };
		AROK_Product /* AROK.app */ = {isa = PBXFileReference; explicitFileType = wrapper.application; includeInIndex = 0; path = AROK.app; sourceTree = BUILT_PRODUCTS_DIR; };
		AROK_SystemMonitor_FileRef /* SystemMonitor.swift */ = {isa = PBXFileReference; lastKnownFileType = sourcecode.swift; path = SystemMonitor.swift; sourceTree = "<group>"; };
/* End PBXFileReference section */

/* Begin PBXFrameworksBuildPhase section */
		AROK_Frameworks /* Frameworks */ = {
			isa = PBXFrameworksBuildPhase;
			buildActionMask = 2147483647;
			files = (
			);
			runOnlyForDeploymentPostprocessing = 0;
		};
/* End PBXFrameworksBuildPhase section */

/* Begin PBXGroup section */
		AROK_Group = {
			isa = PBXGroup;
			children = (
				8661238A2F37F67400954B83 /* AROK.entitlements */,
				AROK_Sources_Group /* Sources */,
				AROK_InfoPlist /* Info.plist */,
			);
			sourceTree = "<group>";
		};
		AROK_Products_Group /* Products */ = {
			isa = PBXGroup;
			children = (
				AROK_Product /* AROK.app */,
			);
			name = Products;
			sourceTree = "<group>";
		};
		AROK_Sources_Group /* Sources */ = {
			isa = PBXGroup;
			children = (
				8661238B2F3800B200954B83 /* FileCleanup.swift */,
				8661237F2F37E83A00954B83 /* ActivityLogger.swift */,
				866123802F37E83A00954B83 /* BrowserManager.swift */,
				866123812F37E83A00954B83 /* MetricsManager.swift */,
				866123822F37E83A00954B83 /* NotificationManager.swift */,
				866123832F37E83A00954B83 /* PredictiveEngine.swift */,
				AROK_App_FileRef /* AROKApp.swift */,
				AROK_AppState_FileRef /* AppState.swift */,
				AROK_ContentView_FileRef /* ContentView.swift */,
				AROK_DemoMode_FileRef /* DemoMode.swift */,
				AROK_IntentEngine_FileRef /* IntentEngine.swift */,
				AROK_ProcessIntervener_FileRef /* ProcessIntervener.swift */,
				AROK_SystemMonitor_FileRef /* SystemMonitor.swift */,
				AROK_AIAdvisor_FileRef /* AIAdvisor.swift */,
			);
			path = Sources;
			sourceTree = "<group>";
		};
/* End PBXGroup section */

/* Begin PBXNativeTarget section */
		AROK_Target /* AROK */ = {
			isa = PBXNativeTarget;
			buildConfigurationList = 866123892F37E83A00954B83 /* Build configuration list for PBXNativeTarget "AROK" */;
			buildPhases = (
				AROK_Sources /* Sources */,
				AROK_Frameworks /* Frameworks */,
			);
			buildRules = (
			);
			dependencies = (
			);
			name = AROK;
			productName = AROK;
			productReference = AROK_Product /* AROK.app */;
			productType = "com.apple.product-type.application";
		};
/* End PBXNativeTarget section */

/* Begin PBXProject section */
		AROK_Project /* Project object */ = {
			isa = PBXProject;
			attributes = {
				BuildIndependentTargetsInParallel = 1;
				LastSwiftUpdateCheck = 1500;
				LastUpgradeCheck = 1500;
			};
			buildConfigurationList = AROK_Project_BuildConfigList /* Build configuration list for PBXProject "AROK" */;
			compatibilityVersion = "Xcode 14.0";
			developmentRegion = en;
			hasScannedForEncodings = 0;
			knownRegions = (
				en,
				Base,
			);
			mainGroup = AROK_Group;
			productRefGroup = AROK_Products_Group /* Products */;
			projectDirPath = "";
			projectRoot = "";
			targets = (
				AROK_Target /* AROK */,
			);
		};
/* End PBXProject section */

/* Begin PBXSourcesBuildPhase section */
		AROK_Sources /* Sources */ = {
			isa = PBXSourcesBuildPhase;
			buildActionMask = 2147483647;
			files = (
				8661238C2F3800B200954B83 /* FileCleanup.swift in Sources */,
				AROK_App /* AROKApp.swift in Sources */,
				AROK_AppState /* AppState.swift in Sources */,
				AROK_ContentView /* ContentView.swift in Sources */,
				AROK_DemoMode /* DemoMode.swift in Sources */,
				AROK_IntentEngine /* IntentEngine.swift in Sources */,
				866123842F37E83A00954B83 /* NotificationManager.swift in Sources */,
				866123852F37E83A00954B83 /* PredictiveEngine.swift in Sources */,
				866123862F37E83A00954B83 /* MetricsManager.swift in Sources */,
				866123872F37E83A00954B83 /* BrowserManager.swift in Sources */,
				866123882F37E83A00954B83 /* ActivityLogger.swift in Sources */,
				AROK_ProcessIntervener /* ProcessIntervener.swift in Sources */,
				AROK_SystemMonitor /* SystemMonitor.swift in Sources */,
				AROK_AIAdvisor /* AIAdvisor.swift in Sources */,
			);
			runOnlyForDeploymentPostprocessing = 0;
		};
/* End PBXSourcesBuildPhase section */

/* Begin XCBuildConfiguration section */
		8661237D2F37E63B00954B83 /* Debug */ = {
			isa = XCBuildConfiguration;
			buildSettings = {
				CODE_SIGN_ENTITLEMENTS = AROK.entitlements;
				CODE_SIGN_STYLE = Automatic;
				COPY_PHASE_STRIP = NO;
				DEVELOPMENT_TEAM = 6DG99UN7ZY;
				GCC_DYNAMIC_NO_PIC = NO;
				GCC_OPTIMIZATION_LEVEL = 0;
				INFOPLIST_FILE = Info.plist;
				PRODUCT_BUNDLE_IDENTIFIER = com.arok.app;
				PRODUCT_NAME = AROK;
				SWIFT_VERSION = 5.0;
			};
			name = Debug;
		};
		8661237E2F37E63B00954B83 /* Release */ = {
			isa = XCBuildConfiguration;
			buildSettings = {
				CODE_SIGN_ENTITLEMENTS = AROK.entitlements;
				CODE_SIGN_STYLE = Automatic;
				COPY_PHASE_STRIP = YES;
				DEBUG_INFORMATION_FORMAT = "dwarf-with-dsym";
				DEVELOPMENT_TEAM = 6DG99UN7ZY;
				INFOPLIST_FILE = Info.plist;
				PRODUCT_BUNDLE_IDENTIFIER = com.arok.app;
				PRODUCT_NAME = AROK;
				SWIFT_VERSION = 5.0;
			};
			name = Release;
		};
		AROK_Project_Debug /* Debug */ = {
			isa = XCBuildConfiguration;
			buildSettings = {
				ALWAYS_SEARCH_USER_PATHS = NO;
				ASSETCATALOG_COMPILER_GENERATE_SWIFT_ASSET_SYMBOL_EXTENSIONS = YES;
				CLANG_ANALYZER_NONNULL = YES;
				CLANG_ANALYZER_NUMBER_OBJECT_CONVERSION = YES_AGGRESSIVE;
				CLANG_CXX_LANGUAGE_STANDARD = "gnu++20";
				CLANG_ENABLE_MODULES = YES;
				CLANG_ENABLE_OBJC_ARC = YES;
				CLANG_ENABLE_OBJC_WEAK = YES;
				CLANG_WARN_BLOCK_CAPTURE_AUTORELEASING = YES;
				CLANG_WARN_BOOL_CONVERSION = YES;
				CLANG_WARN_COMMA = YES;
				CLANG_WARN_CONSTANT_CONVERSION = YES;
				CLANG_WARN_DEPRECATED_OBJC_IMPLEMENTATIONS = YES;
				CLANG_WARN_DIRECT_OBJC_ISA_USAGE = YES_ERROR;
				CLANG_WARN_DOCUMENTATION_COMMENTS = YES;
				CLANG_WARN_EMPTY_BODY = YES;
				CLANG_WARN_ENUM_CONVERSION = YES;
				CLANG_WARN_INFINITE_RECURSION = YES;
				CLANG_WARN_INT_CONVERSION = YES;
				CLANG_WARN_NON_LITERAL_NULL_CONVERSION = YES;
				CLANG_WARN_OBJC_IMPLICIT_RETAIN_SELF = YES;
				CLANG_WARN_OBJC_LITERAL_CONVERSION = YES;
				CLANG_WARN_OBJC_ROOT_CLASS = YES_ERROR;
				CLANG_WARN_QUOTED_INCLUDE_IN_FRAMEWORK_HEADER = YES;
				CLANG_WARN_RANGE_LOOP_ANALYSIS = YES;
				CLANG_WARN_STRICT_PROTOTYPES = YES;
				CLANG_WARN_SUSPICIOUS_MOVE = YES;
				CLANG_WARN_UNGUARDED_AVAILABILITY = YES_AGGRESSIVE;
				CLANG_WARN_UNREACHABLE_CODE = YES;
				CLANG_WARN__DUPLICATE_METHOD_MATCH = YES;
				COPY_PHASE_STRIP = NO;
				DEBUG_INFORMATION_FORMAT = dwarf;
				ENABLE_STRICT_OBJC_MSGSEND = YES;
				ENABLE_TESTABILITY = YES;
				ENABLE_USER_SCRIPT_SANDBOXING = YES;
				GCC_C_LANGUAGE_STANDARD = gnu17;
				GCC_DYNAMIC_NO_PIC = NO;
				GCC_NO_COMMON_BLOCKS = YES;
				GCC_OPTIMIZATION_LEVEL = 0;
				GCC_PREPROCESSOR_DEFINITIONS = (
					"DEBUG=1",
					"$(inherited)",
				);
				GCC_WARN_64_TO_32_BIT_CONVERSION = YES;
				GCC_WARN_ABOUT_RETURN_TYPE = YES_ERROR;
				GCC_WARN_UNDECLARED_SELECTOR = YES;
				GCC_WARN_UNINITIALIZED_AUTOS = YES_AGGRESSIVE;
				GCC_WARN_UNUSED_FUNCTION = YES;
				GCC_WARN_UNUSED_VARIABLE = YES;
				LOCALIZATION_PREFERS_STRING_CATALOGS = YES;
				MACOSX_DEPLOYMENT_TARGET = 14.0;
				MTL_ENABLE_DEBUG_INFO = INCLUDE_SOURCE;
				MTL_FAST_MATH = YES;
				ONLY_ACTIVE_ARCH = YES;
				SDKROOT = macosx;
				SWIFT_ACTIVE_COMPILATION_CONDITIONS = "DEBUG $(inherited)";
				SWIFT_OPTIMIZATION_LEVEL = "-Onone";
			};
			name = Debug;
		};
		AROK_Project_Release /* Release */ = {
			isa = XCBuildConfiguration;
			buildSettings = {
				ALWAYS_SEARCH_USER_PATHS = NO;
				ASSETCATALOG_COMPILER_GENERATE_SWIFT_ASSET_SYMBOL_EXTENSIONS = YES;
				CLANG_ANALYZER_NONNULL = YES;
				CLANG_ANALYZER_NUMBER_OBJECT_CONVERSION = YES_AGGRESSIVE;
				CLANG_CXX_LANGUAGE_STANDARD = "gnu++20";
				CLANG_ENABLE_MODULES = YES;
				CLANG_ENABLE_OBJC_ARC = YES;
				CLANG_ENABLE_OBJC_WEAK = YES;
				CLANG_WARN_BLOCK_CAPTURE_AUTORELEASING = YES;
				CLANG_WARN_BOOL_CONVERSION = YES;
				CLANG_WARN_COMMA = YES;
				CLANG_WARN_CONSTANT_CONVERSION = YES;
				CLANG_WARN_DEPRECATED_OBJC_IMPLEMENTATIONS = YES;
				CLANG_WARN_DIRECT_OBJC_ISA_USAGE = YES_ERROR;
				CLANG_WARN_DOCUMENTATION_COMMENTS = YES;
				CLANG_WARN_EMPTY_BODY = YES;
				CLANG_WARN_ENUM_CONVERSION = YES;
				CLANG_WARN_INFINITE_RECURSION = YES;
				CLANG_WARN_INT_CONVERSION = YES;
				CLANG_WARN_NON_LITERAL_NULL_CONVERSION = YES;
				CLANG_WARN_OBJC_IMPLICIT_RETAIN_SELF = YES;
				CLANG_WARN_OBJC_LITERAL_CONVERSION = YES;
				CLANG_WARN_OBJC_ROOT_CLASS = YES_ERROR;
				CLANG_WARN_QUOTED_INCLUDE_IN_FRAMEWORK_HEADER = YES;
				CLANG_WARN_RANGE_LOOP_ANALYSIS = YES;
				CLANG_WARN_STRICT_PROTOTYPES = YES;
				CLANG_WARN_SUSPICIOUS_MOVE = YES;
				CLANG_WARN_UNGUARDED_AVAILABILITY = YES_AGGRESSIVE;
				CLANG_WARN_UNREACHABLE_CODE = YES;
				CLANG_WARN__DUPLICATE_METHOD_MATCH = YES;
				COPY_PHASE_STRIP = NO;
				DEBUG_INFORMATION_FORMAT = "dwarf-with-dsym";
				ENABLE_NS_ASSERTIONS = NO;
				ENABLE_STRICT_OBJC_MSGSEND = YES;
				ENABLE_USER_SCRIPT_SANDBOXING = YES;
				GCC_C_LANGUAGE_STANDARD = gnu17;
				GCC_NO_COMMON_BLOCKS = YES;
				GCC_WARN_64_TO_32_BIT_CONVERSION = YES;
				GCC_WARN_ABOUT_RETURN_TYPE = YES_ERROR;
				GCC_WARN_UNDECLARED_SELECTOR = YES;
				GCC_WARN_UNINITIALIZED_AUTOS = YES_AGGRESSIVE;
				GCC_WARN_UNUSED_FUNCTION = YES;
				GCC_WARN_UNUSED_VARIABLE = YES;
				LOCALIZATION_PREFERS_STRING_CATALOGS = YES;
				MACOSX_DEPLOYMENT_TARGET = 14.0;
				MTL_ENABLE_DEBUG_INFO = NO;
				MTL_FAST_MATH = YES;
				SDKROOT = macosx;
				SWIFT_COMPILATION_MODE = wholemodule;
				SWIFT_OPTIMIZATION_LEVEL = "-O";
			};
			name = Release;
		};
/* End XCBuildConfiguration section */

/* Begin XCConfigurationList section */
		866123892F37E83A00954B83 /* Build configuration list for PBXNativeTarget "AROK" */ = {
			isa = XCConfigurationList;
			buildConfigurations = (
				8661237D2F37E63B00954B83 /* Debug */,
				8661237E2F37E63B00954B83 /* Release */,
			);
			defaultConfigurationIsVisible = 0;
			defaultConfigurationName = Release;
		};
		AROK_Project_BuildConfigList /* Build configuration list for PBXProject "AROK" */ = {
			isa = XCConfigurationList;
			buildConfigurations = (
				AROK_Project_Debug /* Debug */,
				AROK_Project_Release /* Release */,
			);
			defaultConfigurationIsVisible = 0;
			defaultConfigurationName = Release;
		};
/* End XCConfigurationList section */
	};
	rootObject = AROK_Project /* Project object */;
}
